// !$*UTF8*$!
{
	archiveVersion = 1;
	classes = {
	};
	objectVersion = 56;
	objects = {

/* Begin PBXBuildFile section */
		C16AC8671ECE5961F3CFF55A /* Pods_lesson3.framework in Frameworks */ = {isa = PBXBuildFile; fileRef = 73537DCF2DFD4715C90A8C31 /* Pods_lesson3.framework */; };
		D19B96A12BD5D1B4000AC3ED /* AppDelegate.swift in Sources */ = {isa = PBXBuildFile; fileRef = D19B96A02BD5D1B4000AC3ED /* AppDelegate.swift */; };
		D19B96A32BD5D1B4000AC3ED /* SceneDelegate.swift in Sources */ = {isa = PBXBuildFile; fileRef = D19B96A22BD5D1B4000AC3ED /* SceneDelegate.swift */; };
		D19B96A52BD5D1B4000AC3ED /* ViewController.swift in Sources */ = {isa = PBXBuildFile; fileRef = D19B96A42BD5D1B4000AC3ED /* ViewController.swift */; };
		D19B96A82BD5D1B4000AC3ED /* Main.storyboard in Resources */ = {isa = PBXBuildFile; fileRef = D19B96A62BD5D1B4000AC3ED /* Main.storyboard */; };
		D19B96AA2BD5D1B6000AC3ED /* Assets.xcassets in Resources */ = {isa = PBXBuildFile; fileRef = D19B96A92BD5D1B6000AC3ED /* Assets.xcassets */; };
		D19B96AD2BD5D1B6000AC3ED /* LaunchScreen.storyboard in Resources */ = {isa = PBXBuildFile; fileRef = D19B96AB2BD5D1B6000AC3ED /* LaunchScreen.storyboard */; };
/* End PBXBuildFile section */

/* Begin PBXFileReference section */
		73537DCF2DFD4715C90A8C31 /* Pods_lesson3.framework */ = {isa = PBXFileReference; explicitFileType = wrapper.framework; includeInIndex = 0; path = Pods_lesson3.framework; sourceTree = BUILT_PRODUCTS_DIR; };
		7D9A5468C46611265428192B /* Pods-lesson3.release.xcconfig */ = {isa = PBXFileReference; includeInIndex = 1; lastKnownFileType = text.xcconfig; name = "Pods-lesson3.release.xcconfig"; path = "Target Support Files/Pods-lesson3/Pods-lesson3.release.xcconfig"; sourceTree = "<group>"; };
		D19B969D2BD5D1B4000AC3ED /* lesson3.app */ = {isa = PBXFileReference; explicitFileType = wrapper.application; includeInIndex = 0; path = lesson3.app; sourceTree = BUILT_PRODUCTS_DIR; };
		D19B96A02BD5D1B4000AC3ED /* AppDelegate.swift */ = {isa = PBXFileReference; lastKnownFileType = sourcecode.swift; path = AppDelegate.swift; sourceTree = "<group>"; };
		D19B96A22BD5D1B4000AC3ED /* SceneDelegate.swift */ = {isa = PBXFileReference; lastKnownFileType = sourcecode.swift; path = SceneDelegate.swift; sourceTree = "<group>"; };
		D19B96A42BD5D1B4000AC3ED /* ViewController.swift */ = {isa = PBXFileReference; lastKnownFileType = sourcecode.swift; path = ViewController.swift; sourceTree = "<group>"; };
		D19B96A72BD5D1B4000AC3ED /* Base */ = {isa = PBXFileReference; lastKnownFileType = file.storyboard; name = Base; path = Base.lproj/Main.storyboard; sourceTree = "<group>"; };
		D19B96A92BD5D1B6000AC3ED /* Assets.xcassets */ = {isa = PBXFileReference; lastKnownFileType = folder.assetcatalog; path = Assets.xcassets; sourceTree = "<group>"; };
		D19B96AC2BD5D1B6000AC3ED /* Base */ = {isa = PBXFileReference; lastKnownFileType = file.storyboard; name = Base; path = Base.lproj/LaunchScreen.storyboard; sourceTree = "<group>"; };
		D19B96AE2BD5D1B6000AC3ED /* Info.plist */ = {isa = PBXFileReference; lastKnownFileType = text.plist.xml; path = Info.plist; sourceTree = "<group>"; };
		D9DA299294786A931962F8DB /* Pods-lesson3.debug.xcconfig */ = {isa = PBXFileReference; includeInIndex = 1; lastKnownFileType = text.xcconfig; name = "Pods-lesson3.debug.xcconfig"; path = "Target Support Files/Pods-lesson3/Pods-lesson3.debug.xcconfig"; sourceTree = "<group>"; };
/* End PBXFileReference section */

/* Begin PBXFrameworksBuildPhase section */
		D19B969A2BD5D1B3000AC3ED /* Frameworks */ = {
			isa = PBXFrameworksBuildPhase;
			buildActionMask = 2147483647;
			files = (
				C16AC8671ECE5961F3CFF55A /* Pods_lesson3.framework in Frameworks */,
			);
			runOnlyForDeploymentPostprocessing = 0;
		};
/* End PBXFrameworksBuildPhase section */

/* Begin PBXGroup section */
		6E9A7EF94830DAAB81C6832C /* Pods */ = {
			isa = PBXGroup;
			children = (
				D9DA299294786A931962F8DB /* Pods-lesson3.debug.xcconfig */,
				7D9A5468C46611265428192B /* Pods-lesson3.release.xcconfig */,
			);
			path = Pods;
			sourceTree = "<group>";
		};
		D19B96942BD5D1B3000AC3ED = {
			isa = PBXGroup;
			children = (
				D19B969F2BD5D1B4000AC3ED /* lesson3 */,
				D19B969E2BD5D1B4000AC3ED /* Products */,
				6E9A7EF94830DAAB81C6832C /* Pods */,
				D5C3CF9C246C95FB86375C4A /* Frameworks */,
			);
			sourceTree = "<group>";
		};
		D19B969E2BD5D1B4000AC3ED /* Products */ = {
			isa = PBXGroup;
			children = (
				D19B969D2BD5D1B4000AC3ED /* lesson3.app */,
			);
			name = Products;
			sourceTree = "<group>";
		};
		D19B969F2BD5D1B4000AC3ED /* lesson3 */ = {
			isa = PBXGroup;
			children = (
				D19B96A02BD5D1B4000AC3ED /* AppDelegate.swift */,
				D19B96A22BD5D1B4000AC3ED /* SceneDelegate.swift */,
				D19B96A42BD5D1B4000AC3ED /* ViewController.swift */,
				D19B96A62BD5D1B4000AC3ED /* Main.storyboard */,
				D19B96A92BD5D1B6000AC3ED /* Assets.xcassets */,
				D19B96AB2BD5D1B6000AC3ED /* LaunchScreen.storyboard */,
				D19B96AE2BD5D1B6000AC3ED /* Info.plist */,
			);
			path = lesson3;
			sourceTree = "<group>";
		};
		D5C3CF9C246C95FB86375C4A /* Frameworks */ = {
			isa = PBXGroup;
			children = (
				73537DCF2DFD4715C90A8C31 /* Pods_lesson3.framework */,
			);
			name = Frameworks;
			sourceTree = "<group>";
		};
/* End PBXGroup section */

/* Begin PBXNativeTarget section */
		D19B969C2BD5D1B3000AC3ED /* lesson3 */ = {
			isa = PBXNativeTarget;
			buildConfigurationList = D19B96B12BD5D1B6000AC3ED /* Build configuration list for PBXNativeTarget "lesson3" */;
			buildPhases = (
				2FCE5480166A6599BD36B4B4 /* [CP] Check Pods Manifest.lock */,
				D19B96992BD5D1B3000AC3ED /* Sources */,
				D19B96B42BD5D245000AC3ED /* Swiftlint */,
				D19B969A2BD5D1B3000AC3ED /* Frameworks */,
				D19B969B2BD5D1B3000AC3ED /* Resources */,
			);
			buildRules = (
			);
			dependencies = (
			);
			name = lesson3;
			productName = lesson3;
			productReference = D19B969D2BD5D1B4000AC3ED /* lesson3.app */;
			productType = "com.apple.product-type.application";
		};
/* End PBXNativeTarget section */

/* Begin PBXProject section */
		D19B96952BD5D1B3000AC3ED /* Project object */ = {
			isa = PBXProject;
			attributes = {
				BuildIndependentTargetsInParallel = 1;
				LastSwiftUpdateCheck = 1420;
				LastUpgradeCheck = 1420;
				TargetAttributes = {
					D19B969C2BD5D1B3000AC3ED = {
						CreatedOnToolsVersion = 14.2;
					};
				};
			};
			buildConfigurationList = D19B96982BD5D1B3000AC3ED /* Build configuration list for PBXProject "lesson3" */;
			compatibilityVersion = "Xcode 14.0";
			developmentRegion = en;
			hasScannedForEncodings = 0;
			knownRegions = (
				en,
				Base,
			);
			mainGroup = D19B96942BD5D1B3000AC3ED;
			productRefGroup = D19B969E2BD5D1B4000AC3ED /* Products */;
			projectDirPath = "";
			projectRoot = "";
			targets = (
				D19B969C2BD5D1B3000AC3ED /* lesson3 */,
			);
		};
/* End PBXProject section */

/* Begin PBXResourcesBuildPhase section */
		D19B969B2BD5D1B3000AC3ED /* Resources */ = {
			isa = PBXResourcesBuildPhase;
			buildActionMask = 2147483647;
			files = (
				D19B96AD2BD5D1B6000AC3ED /* LaunchScreen.storyboard in Resources */,
				D19B96AA2BD5D1B6000AC3ED /* Assets.xcassets in Resources */,
				D19B96A82BD5D1B4000AC3ED /* Main.storyboard in Resources */,
			);
			runOnlyForDeploymentPostprocessing = 0;
		};
/* End PBXResourcesBuildPhase section */

/* Begin PBXShellScriptBuildPhase section */
		2FCE5480166A6599BD36B4B4 /* [CP] Check Pods Manifest.lock */ = {
			isa = PBXShellScriptBuildPhase;
			buildActionMask = 2147483647;
			files = (
			);
			inputFileListPaths = (
			);
			inputPaths = (
				"${PODS_PODFILE_DIR_PATH}/Podfile.lock",
				"${PODS_ROOT}/Manifest.lock",
			);
			name = "[CP] Check Pods Manifest.lock";
			outputFileListPaths = (
			);
			outputPaths = (
				"$(DERIVED_FILE_DIR)/Pods-lesson3-checkManifestLockResult.txt",
			);
			runOnlyForDeploymentPostprocessing = 0;
			shellPath = /bin/sh;
			shellScript = "diff \"${PODS_PODFILE_DIR_PATH}/Podfile.lock\" \"${PODS_ROOT}/Manifest.lock\" > /dev/null\nif [ $? != 0 ] ; then\n    # print error to STDERR\n    echo \"error: The sandbox is not in sync with the Podfile.lock. Run 'pod install' or update your CocoaPods installation.\" >&2\n    exit 1\nfi\n# This output is used by Xcode 'outputs' to avoid re-running this script phase.\necho \"SUCCESS\" > \"${SCRIPT_OUTPUT_FILE_0}\"\n";
			showEnvVarsInLog = 0;
		};
		D19B96B42BD5D245000AC3ED /* Swiftlint */ = {
			isa = PBXShellScriptBuildPhase;
			buildActionMask = 2147483647;
			files = (
			);
			inputFileListPaths = (
			);
			inputPaths = (
			);
			name = Swiftlint;
			outputFileListPaths = (
			);
			outputPaths = (
			);
			runOnlyForDeploymentPostprocessing = 0;
			shellPath = /bin/sh;
			shellScript = "if [ \"${CONFIGURATION}\" = \"Debug\" ]; then\n        ${PODS_ROOT}/SwiftLint/swiftlint autocorrect\n        ${PODS_ROOT}/SwiftLint/swiftlint --config $SRCROOT/swiftlint.yml --strict\nfi\n";
		};
/* End PBXShellScriptBuildPhase section */

/* Begin PBXSourcesBuildPhase section */
		D19B96992BD5D1B3000AC3ED /* Sources */ = {
			isa = PBXSourcesBuildPhase;
			buildActionMask = 2147483647;
			files = (
				D19B96A52BD5D1B4000AC3ED /* ViewController.swift in Sources */,
				D19B96A12BD5D1B4000AC3ED /* AppDelegate.swift in Sources */,
				D19B96A32BD5D1B4000AC3ED /* SceneDelegate.swift in Sources */,
			);
			runOnlyForDeploymentPostprocessing = 0;
		};
/* End PBXSourcesBuildPhase section */

/* Begin PBXVariantGroup section */
		D19B96A62BD5D1B4000AC3ED /* Main.storyboard */ = {
			isa = PBXVariantGroup;
			children = (
				D19B96A72BD5D1B4000AC3ED /* Base */,
			);
			name = Main.storyboard;
			sourceTree = "<group>";
		};
		D19B96AB2BD5D1B6000AC3ED /* LaunchScreen.storyboard */ = {
			isa = PBXVariantGroup;
			children = (
				D19B96AC2BD5D1B6000AC3ED /* Base */,
			);
			name = LaunchScreen.storyboard;
			sourceTree = "<group>";
		};
/* End PBXVariantGroup section */

/* Begin XCBuildConfiguration section */
		D19B96AF2BD5D1B6000AC3ED /* Debug */ = {
			isa = XCBuildConfiguration;
			buildSettings = {
				ALWAYS_SEARCH_USER_PATHS = NO;
				CLANG_ANALYZER_NONNULL = YES;
				CLANG_ANALYZER_NUMBER_OBJECT_CONVERSION = YES_AGGRESSIVE;
				CLANG_CXX_LANGUAGE_STANDARD = "gnu++20";
				CLANG_ENABLE_MODULES = YES;
				CLANG_ENABLE_OBJC_ARC = YES;
				CLANG_ENABLE_OBJC_WEAK = YES;
				CLANG_WARN_BLOCK_CAPTURE_AUTORELEASING = YES;
				CLANG_WARN_BOOL_CONVERSION = YES;
				CLANG_WARN_COMMA = YES;
				CLANG_WARN_CONSTANT_CONVERSION = YES;
				CLANG_WARN_DEPRECATED_OBJC_IMPLEMENTATIONS = YES;
				CLANG_WARN_DIRECT_OBJC_ISA_USAGE = YES_ERROR;
				CLANG_WARN_DOCUMENTATION_COMMENTS = YES;
				CLANG_WARN_EMPTY_BODY = YES;
				CLANG_WARN_ENUM_CONVERSION = YES;
				CLANG_WARN_INFINITE_RECURSION = YES;
				CLANG_WARN_INT_CONVERSION = YES;
				CLANG_WARN_NON_LITERAL_NULL_CONVERSION = YES;
				CLANG_WARN_OBJC_IMPLICIT_RETAIN_SELF = YES;
				CLANG_WARN_OBJC_LITERAL_CONVERSION = YES;
				CLANG_WARN_OBJC_ROOT_CLASS = YES_ERROR;
				CLANG_WARN_QUOTED_INCLUDE_IN_FRAMEWORK_HEADER = YES;
				CLANG_WARN_RANGE_LOOP_ANALYSIS = YES;
				CLANG_WARN_STRICT_PROTOTYPES = YES;
				CLANG_WARN_SUSPICIOUS_MOVE = YES;
				CLANG_WARN_UNGUARDED_AVAILABILITY = YES_AGGRESSIVE;
				CLANG_WARN_UNREACHABLE_CODE = YES;
				CLANG_WARN__DUPLICATE_METHOD_MATCH = YES;
				COPY_PHASE_STRIP = NO;
				DEBUG_INFORMATION_FORMAT = dwarf;
				ENABLE_STRICT_OBJC_MSGSEND = YES;
				ENABLE_TESTABILITY = YES;
				GCC_C_LANGUAGE_STANDARD = gnu11;
				GCC_DYNAMIC_NO_PIC = NO;
				GCC_NO_COMMON_BLOCKS = YES;
				GCC_OPTIMIZATION_LEVEL = 0;
				GCC_PREPROCESSOR_DEFINITIONS = (
					"DEBUG=1",
					"$(inherited)",
				);
				GCC_WARN_64_TO_32_BIT_CONVERSION = YES;
				GCC_WARN_ABOUT_RETURN_TYPE = YES_ERROR;
				GCC_WARN_UNDECLARED_SELECTOR = YES;
				GCC_WARN_UNINITIALIZED_AUTOS = YES_AGGRESSIVE;
				GCC_WARN_UNUSED_FUNCTION = YES;
				GCC_WARN_UNUSED_VARIABLE = YES;
				IPHONEOS_DEPLOYMENT_TARGET = 16.2;
				MTL_ENABLE_DEBUG_INFO = INCLUDE_SOURCE;
				MTL_FAST_MATH = YES;
				ONLY_ACTIVE_ARCH = YES;
				SDKROOT = iphoneos;
				SWIFT_ACTIVE_COMPILATION_CONDITIONS = DEBUG;
				SWIFT_OPTIMIZATION_LEVEL = "-Onone";
			};
			name = Debug;
		};
		D19B96B02BD5D1B6000AC3ED /* Release */ = {
			isa = XCBuildConfiguration;
			buildSettings = {
				ALWAYS_SEARCH_USER_PATHS = NO;
				CLANG_ANALYZER_NONNULL = YES;
				CLANG_ANALYZER_NUMBER_OBJECT_CONVERSION = YES_AGGRESSIVE;
				CLANG_CXX_LANGUAGE_STANDARD = "gnu++20";
				CLANG_ENABLE_MODULES = YES;
				CLANG_ENABLE_OBJC_ARC = YES;
				CLANG_ENABLE_OBJC_WEAK = YES;
				CLANG_WARN_BLOCK_CAPTURE_AUTORELEASING = YES;
				CLANG_WARN_BOOL_CONVERSION = YES;
				CLANG_WARN_COMMA = YES;
				CLANG_WARN_CONSTANT_CONVERSION = YES;
				CLANG_WARN_DEPRECATED_OBJC_IMPLEMENTATIONS = YES;
				CLANG_WARN_DIRECT_OBJC_ISA_USAGE = YES_ERROR;
				CLANG_WARN_DOCUMENTATION_COMMENTS = YES;
				CLANG_WARN_EMPTY_BODY = YES;
				CLANG_WARN_ENUM_CONVERSION = YES;
				CLANG_WARN_INFINITE_RECURSION = YES;
				CLANG_WARN_INT_CONVERSION = YES;
				CLANG_WARN_NON_LITERAL_NULL_CONVERSION = YES;
				CLANG_WARN_OBJC_IMPLICIT_RETAIN_SELF = YES;
				CLANG_WARN_OBJC_LITERAL_CONVERSION = YES;
				CLANG_WARN_OBJC_ROOT_CLASS = YES_ERROR;
				CLANG_WARN_QUOTED_INCLUDE_IN_FRAMEWORK_HEADER = YES;
				CLANG_WARN_RANGE_LOOP_ANALYSIS = YES;
				CLANG_WARN_STRICT_PROTOTYPES = YES;
				CLANG_WARN_SUSPICIOUS_MOVE = YES;
				CLANG_WARN_UNGUARDED_AVAILABILITY = YES_AGGRESSIVE;
				CLANG_WARN_UNREACHABLE_CODE = YES;
				CLANG_WARN__DUPLICATE_METHOD_MATCH = YES;
				COPY_PHASE_STRIP = NO;
				DEBUG_INFORMATION_FORMAT = "dwarf-with-dsym";
				ENABLE_NS_ASSERTIONS = NO;
				ENABLE_STRICT_OBJC_MSGSEND = YES;
				GCC_C_LANGUAGE_STANDARD = gnu11;
				GCC_NO_COMMON_BLOCKS = YES;
				GCC_WARN_64_TO_32_BIT_CONVERSION = YES;
				GCC_WARN_ABOUT_RETURN_TYPE = YES_ERROR;
				GCC_WARN_UNDECLARED_SELECTOR = YES;
				GCC_WARN_UNINITIALIZED_AUTOS = YES_AGGRESSIVE;
				GCC_WARN_UNUSED_FUNCTION = YES;
				GCC_WARN_UNUSED_VARIABLE = YES;
				IPHONEOS_DEPLOYMENT_TARGET = 16.2;
				MTL_ENABLE_DEBUG_INFO = NO;
				MTL_FAST_MATH = YES;
				SDKROOT = iphoneos;
				SWIFT_COMPILATION_MODE = wholemodule;
				SWIFT_OPTIMIZATION_LEVEL = "-O";
				VALIDATE_PRODUCT = YES;
			};
			name = Release;
		};
		D19B96B22BD5D1B6000AC3ED /* Debug */ = {
			isa = XCBuildConfiguration;
			baseConfigurationReference = D9DA299294786A931962F8DB /* Pods-lesson3.debug.xcconfig */;
			buildSettings = {
				ASSETCATALOG_COMPILER_APPICON_NAME = AppIcon;
				ASSETCATALOG_COMPILER_GLOBAL_ACCENT_COLOR_NAME = AccentColor;
				CODE_SIGN_STYLE = Automatic;
				CURRENT_PROJECT_VERSION = 1;
				GENERATE_INFOPLIST_FILE = YES;
				INFOPLIST_FILE = lesson3/Info.plist;
				INFOPLIST_KEY_UIApplicationSupportsIndirectInputEvents = YES;
				INFOPLIST_KEY_UILaunchStoryboardName = LaunchScreen;
				INFOPLIST_KEY_UIMainStoryboardFile = Main;
				INFOPLIST_KEY_UISupportedInterfaceOrientations_iPad = "UIInterfaceOrientationPortrait UIInterfaceOrientationPortraitUpsideDown UIInterfaceOrientationLandscapeLeft UIInterfaceOrientationLandscapeRight";
				INFOPLIST_KEY_UISupportedInterfaceOrientations_iPhone = "UIInterfaceOrientationPortrait UIInterfaceOrientationLandscapeLeft UIInterfaceOrientationLandscapeRight";
				LD_RUNPATH_SEARCH_PATHS = (
					"$(inherited)",
					"@executable_path/Frameworks",
				);
				MARKETING_VERSION = 1.0;
				PRODUCT_BUNDLE_IDENTIFIER = test.lesson3;
				PRODUCT_NAME = "$(TARGET_NAME)";
				SWIFT_EMIT_LOC_STRINGS = YES;
				SWIFT_VERSION = 5.0;
				TARGETED_DEVICE_FAMILY = "1,2";
			};
			name = Debug;
		};
		D19B96B32BD5D1B6000AC3ED /* Release */ = {
			isa = XCBuildConfiguration;
			baseConfigurationReference = 7D9A5468C46611265428192B /* Pods-lesson3.release.xcconfig */;
			buildSettings = {
				ASSETCATALOG_COMPILER_APPICON_NAME = AppIcon;
				ASSETCATALOG_COMPILER_GLOBAL_ACCENT_COLOR_NAME = AccentColor;
				CODE_SIGN_STYLE = Automatic;
				CURRENT_PROJECT_VERSION = 1;
				GENERATE_INFOPLIST_FILE = YES;
				INFOPLIST_FILE = lesson3/Info.plist;
				INFOPLIST_KEY_UIApplicationSupportsIndirectInputEvents = YES;
				INFOPLIST_KEY_UILaunchStoryboardName = LaunchScreen;
				INFOPLIST_KEY_UIMainStoryboardFile = Main;
				INFOPLIST_KEY_UISupportedInterfaceOrientations_iPad = "UIInterfaceOrientationPortrait UIInterfaceOrientationPortraitUpsideDown UIInterfaceOrientationLandscapeLeft UIInterfaceOrientationLandscapeRight";
				INFOPLIST_KEY_UISupportedInterfaceOrientations_iPhone = "UIInterfaceOrientationPortrait UIInterfaceOrientationLandscapeLeft UIInterfaceOrientationLandscapeRight";
				LD_RUNPATH_SEARCH_PATHS = (
					"$(inherited)",
					"@executable_path/Frameworks",
				);
				MARKETING_VERSION = 1.0;
				PRODUCT_BUNDLE_IDENTIFIER = test.lesson3;
				PRODUCT_NAME = "$(TARGET_NAME)";
				SWIFT_EMIT_LOC_STRINGS = YES;
				SWIFT_VERSION = 5.0;
				TARGETED_DEVICE_FAMILY = "1,2";
			};
			name = Release;
		};
/* End XCBuildConfiguration section */

/* Begin XCConfigurationList section */
		D19B96982BD5D1B3000AC3ED /* Build configuration list for PBXProject "lesson3" */ = {
			isa = XCConfigurationList;
			buildConfigurations = (
				D19B96AF2BD5D1B6000AC3ED /* Debug */,
				D19B96B02BD5D1B6000AC3ED /* Release */,
			);
			defaultConfigurationIsVisible = 0;
			defaultConfigurationName = Release;
		};
		D19B96B12BD5D1B6000AC3ED /* Build configuration list for PBXNativeTarget "lesson3" */ = {
			isa = XCConfigurationList;
			buildConfigurations = (
				D19B96B22BD5D1B6000AC3ED /* Debug */,
				D19B96B32BD5D1B6000AC3ED /* Release */,
			);
			defaultConfigurationIsVisible = 0;
			defaultConfigurationName = Release;
		};
/* End XCConfigurationList section */
	};
	rootObject = D19B96952BD5D1B3000AC3ED /* Project object */;
}
